// !$*UTF8*$!
{
	archiveVersion = 1;
	classes = {
	};
	objectVersion = 77;
	objects = {

/* Begin PBXBuildFile section */
		000151C7D3334E8C5ED5521A /* PlacementView.swift in Sources */ = {isa = PBXBuildFile; fileRef = BE5C2C058B8161F7EFBA5F26 /* PlacementView.swift */; };
		06E4987454384F4C7DA706D7 /* SpeechService.swift in Sources */ = {isa = PBXBuildFile; fileRef = 479F54AD39DB2C3FC05AD82E /* SpeechService.swift */; };
		11E84D96424260DDE43030DD /* HomeView.swift in Sources */ = {isa = PBXBuildFile; fileRef = C55ADD069F1A3763B8BFEA82 /* HomeView.swift */; };
		1AEA05DE6C0C3669C27D902E /* StudyEngine.swift in Sources */ = {isa = PBXBuildFile; fileRef = FEF8B4518D2CC8CCE963F645 /* StudyEngine.swift */; };
		29C411883220B8969075864F /* Keychain.swift in Sources */ = {isa = PBXBuildFile; fileRef = 04F52F05D0467A25F754C17E /* Keychain.swift */; };
		3A6947DC129C2E09742478EE /* StatsView.swift in Sources */ = {isa = PBXBuildFile; fileRef = 3D4F8B2A41EA6D83B9F5D37D /* StatsView.swift */; };
		4A46A09B0175FA26B133A5CC /* Models.swift in Sources */ = {isa = PBXBuildFile; fileRef = B2B68581C7F190A29D49092D /* Models.swift */; };
		63A4D24C72D3C97AA2C8525D /* AuthViews.swift in Sources */ = {isa = PBXBuildFile; fileRef = ED7AFBBDA25365BDF9262EA2 /* AuthViews.swift */; };
		70C4E4FA06974B92ECB18D30 /* VocabApp.swift in Sources */ = {isa = PBXBuildFile; fileRef = 6AC23A079372B08085F8448D /* VocabApp.swift */; };
		7C33628014DEDD51F7BFF829 /* APIClient.swift in Sources */ = {isa = PBXBuildFile; fileRef = 3208F3D855D300A027FF03C8 /* APIClient.swift */; };
		9AB9049FA87909102A5C506F /* AppState.swift in Sources */ = {isa = PBXBuildFile; fileRef = AFB6A7E6F213B7F638C3D2C8 /* AppState.swift */; };
		BEF737F7775DFEB5824AB501 /* SettingsView.swift in Sources */ = {isa = PBXBuildFile; fileRef = CDC962FAC6009D31FCFE13B0 /* SettingsView.swift */; };
		C0AF4A62D4A2B1ECCD737FAC /* Config.swift in Sources */ = {isa = PBXBuildFile; fileRef = FA32DC753AA6AEA8502E3BE6 /* Config.swift */; };
		DDCF4C89E5BA89A10DE00BEF /* AudioService.swift in Sources */ = {isa = PBXBuildFile; fileRef = 528CE37515870A27DF461AEB /* AudioService.swift */; };
		EF776B0F8F2BDC7DEA9A3C3B /* SessionViews.swift in Sources */ = {isa = PBXBuildFile; fileRef = 98F16D9F4207E3D25D452F39 /* SessionViews.swift */; };
		FC735A76CCA8FF61F0B91105 /* Components.swift in Sources */ = {isa = PBXBuildFile; fileRef = DE8A39DD05E106049AC4C0F5 /* Components.swift */; };
/* End PBXBuildFile section */

/* Begin PBXFileReference section */
		04F52F05D0467A25F754C17E /* Keychain.swift */ = {isa = PBXFileReference; lastKnownFileType = sourcecode.swift; path = Keychain.swift; sourceTree = "<group>"; };
		3208F3D855D300A027FF03C8 /* APIClient.swift */ = {isa = PBXFileReference; lastKnownFileType = sourcecode.swift; path = APIClient.swift; sourceTree = "<group>"; };
		3D4F8B2A41EA6D83B9F5D37D /* StatsView.swift */ = {isa = PBXFileReference; lastKnownFileType = sourcecode.swift; path = StatsView.swift; sourceTree = "<group>"; };
		479F54AD39DB2C3FC05AD82E /* SpeechService.swift */ = {isa = PBXFileReference; lastKnownFileType = sourcecode.swift; path = SpeechService.swift; sourceTree = "<group>"; };
		528CE37515870A27DF461AEB /* AudioService.swift */ = {isa = PBXFileReference; lastKnownFileType = sourcecode.swift; path = AudioService.swift; sourceTree = "<group>"; };
		6AC23A079372B08085F8448D /* VocabApp.swift */ = {isa = PBXFileReference; lastKnownFileType = sourcecode.swift; path = VocabApp.swift; sourceTree = "<group>"; };
		7F93C6585AF5AFE9D77AEBC2 /* Info.plist */ = {isa = PBXFileReference; lastKnownFileType = text.plist; path = Info.plist; sourceTree = "<group>"; };
		98F16D9F4207E3D25D452F39 /* SessionViews.swift */ = {isa = PBXFileReference; lastKnownFileType = sourcecode.swift; path = SessionViews.swift; sourceTree = "<group>"; };
		AFB6A7E6F213B7F638C3D2C8 /* AppState.swift */ = {isa = PBXFileReference; lastKnownFileType = sourcecode.swift; path = AppState.swift; sourceTree = "<group>"; };
		B2B68581C7F190A29D49092D /* Models.swift */ = {isa = PBXFileReference; lastKnownFileType = sourcecode.swift; path = Models.swift; sourceTree = "<group>"; };
		BE5C2C058B8161F7EFBA5F26 /* PlacementView.swift */ = {isa = PBXFileReference; lastKnownFileType = sourcecode.swift; path = PlacementView.swift; sourceTree = "<group>"; };
		C55ADD069F1A3763B8BFEA82 /* HomeView.swift */ = {isa = PBXFileReference; lastKnownFileType = sourcecode.swift; path = HomeView.swift; sourceTree = "<group>"; };
		C8D22EE326CAD50DC57B9CB5 /* VocabApp.app */ = {isa = PBXFileReference; explicitFileType = wrapper.application; includeInIndex = 0; path = VocabApp.app; sourceTree = BUILT_PRODUCTS_DIR; };
		CDC962FAC6009D31FCFE13B0 /* SettingsView.swift */ = {isa = PBXFileReference; lastKnownFileType = sourcecode.swift; path = SettingsView.swift; sourceTree = "<group>"; };
		DE8A39DD05E106049AC4C0F5 /* Components.swift */ = {isa = PBXFileReference; lastKnownFileType = sourcecode.swift; path = Components.swift; sourceTree = "<group>"; };
		ED7AFBBDA25365BDF9262EA2 /* AuthViews.swift */ = {isa = PBXFileReference; lastKnownFileType = sourcecode.swift; path = AuthViews.swift; sourceTree = "<group>"; };
		FA32DC753AA6AEA8502E3BE6 /* Config.swift */ = {isa = PBXFileReference; lastKnownFileType = sourcecode.swift; path = Config.swift; sourceTree = "<group>"; };
		FEF8B4518D2CC8CCE963F645 /* StudyEngine.swift */ = {isa = PBXFileReference; lastKnownFileType = sourcecode.swift; path = StudyEngine.swift; sourceTree = "<group>"; };
/* End PBXFileReference section */

/* Begin PBXGroup section */
		56EB1AAECFB4C9F1D589A4F2 = {
			isa = PBXGroup;
			children = (
				BA937C66CA68193F75E915B2 /* VocabApp */,
				CFF59DDF90E53AE588D18A0C /* Products */,
			);
			sourceTree = "<group>";
		};
		BA937C66CA68193F75E915B2 /* VocabApp */ = {
			isa = PBXGroup;
			children = (
				3208F3D855D300A027FF03C8 /* APIClient.swift */,
				AFB6A7E6F213B7F638C3D2C8 /* AppState.swift */,
				528CE37515870A27DF461AEB /* AudioService.swift */,
				FA32DC753AA6AEA8502E3BE6 /* Config.swift */,
				7F93C6585AF5AFE9D77AEBC2 /* Info.plist */,
				04F52F05D0467A25F754C17E /* Keychain.swift */,
				B2B68581C7F190A29D49092D /* Models.swift */,
				479F54AD39DB2C3FC05AD82E /* SpeechService.swift */,
				FEF8B4518D2CC8CCE963F645 /* StudyEngine.swift */,
				6AC23A079372B08085F8448D /* VocabApp.swift */,
				CD09075C3570ED155DA06383 /* Views */,
			);
			path = VocabApp;
			sourceTree = "<group>";
		};
		CD09075C3570ED155DA06383 /* Views */ = {
			isa = PBXGroup;
			children = (
				ED7AFBBDA25365BDF9262EA2 /* AuthViews.swift */,
				DE8A39DD05E106049AC4C0F5 /* Components.swift */,
				C55ADD069F1A3763B8BFEA82 /* HomeView.swift */,
				BE5C2C058B8161F7EFBA5F26 /* PlacementView.swift */,
				98F16D9F4207E3D25D452F39 /* SessionViews.swift */,
				CDC962FAC6009D31FCFE13B0 /* SettingsView.swift */,
				3D4F8B2A41EA6D83B9F5D37D /* StatsView.swift */,
			);
			path = Views;
			sourceTree = "<group>";
		};
		CFF59DDF90E53AE588D18A0C /* Products */ = {
			isa = PBXGroup;
			children = (
				C8D22EE326CAD50DC57B9CB5 /* VocabApp.app */,
			);
			name = Products;
			sourceTree = "<group>";
		};
/* End PBXGroup section */

/* Begin PBXNativeTarget section */
		3DBDD1FFF61E584ECC697774 /* VocabApp */ = {
			isa = PBXNativeTarget;
			buildConfigurationList = 4A42D102D693F4CAFE20EAFA /* Build configuration list for PBXNativeTarget "VocabApp" */;
			buildPhases = (
				A339BEA09BAC2E6C06ECEDC3 /* Sources */,
			);
			buildRules = (
			);
			dependencies = (
			);
			name = VocabApp;
			packageProductDependencies = (
			);
			productName = VocabApp;
			productReference = C8D22EE326CAD50DC57B9CB5 /* VocabApp.app */;
			productType = "com.apple.product-type.application";
		};
/* End PBXNativeTarget section */

/* Begin PBXProject section */
		79291EB669248C7B2B092AF9 /* Project object */ = {
			isa = PBXProject;
			attributes = {
				BuildIndependentTargetsInParallel = YES;
				LastUpgradeCheck = 1430;
				TargetAttributes = {
					3DBDD1FFF61E584ECC697774 = {
						DevelopmentTeam = "";
						ProvisioningStyle = Automatic;
					};
				};
			};
			buildConfigurationList = 32D07C71FA1FDDE5A2C6458C /* Build configuration list for PBXProject "VocabApp" */;
			developmentRegion = en;
			hasScannedForEncodings = 0;
			knownRegions = (
				Base,
				en,
			);
			mainGroup = 56EB1AAECFB4C9F1D589A4F2;
			minimizedProjectReferenceProxies = 1;
			preferredProjectObjectVersion = 77;
			productRefGroup = CFF59DDF90E53AE588D18A0C /* Products */;
			projectDirPath = "";
			projectRoot = "";
			targets = (
				3DBDD1FFF61E584ECC697774 /* VocabApp */,
			);
		};
/* End PBXProject section */

/* Begin PBXSourcesBuildPhase section */
		A339BEA09BAC2E6C06ECEDC3 /* Sources */ = {
			isa = PBXSourcesBuildPhase;
			buildActionMask = 2147483647;
			files = (
				7C33628014DEDD51F7BFF829 /* APIClient.swift in Sources */,
				9AB9049FA87909102A5C506F /* AppState.swift in Sources */,
				DDCF4C89E5BA89A10DE00BEF /* AudioService.swift in Sources */,
				63A4D24C72D3C97AA2C8525D /* AuthViews.swift in Sources */,
				FC735A76CCA8FF61F0B91105 /* Components.swift in Sources */,
				C0AF4A62D4A2B1ECCD737FAC /* Config.swift in Sources */,
				11E84D96424260DDE43030DD /* HomeView.swift in Sources */,
				29C411883220B8969075864F /* Keychain.swift in Sources */,
				4A46A09B0175FA26B133A5CC /* Models.swift in Sources */,
				000151C7D3334E8C5ED5521A /* PlacementView.swift in Sources */,
				EF776B0F8F2BDC7DEA9A3C3B /* SessionViews.swift in Sources */,
				BEF737F7775DFEB5824AB501 /* SettingsView.swift in Sources */,
				06E4987454384F4C7DA706D7 /* SpeechService.swift in Sources */,
				3A6947DC129C2E09742478EE /* StatsView.swift in Sources */,
				1AEA05DE6C0C3669C27D902E /* StudyEngine.swift in Sources */,
				70C4E4FA06974B92ECB18D30 /* VocabApp.swift in Sources */,
			);
			runOnlyForDeploymentPostprocessing = 0;
		};
/* End PBXSourcesBuildPhase section */

/* Begin XCBuildConfiguration section */
		19171F134D5C0BCDD200B7B4 /* Release */ = {
			isa = XCBuildConfiguration;
			buildSettings = {
				ALWAYS_SEARCH_USER_PATHS = NO;
				CLANG_ANALYZER_NONNULL = YES;
				CLANG_ANALYZER_NUMBER_OBJECT_CONVERSION = YES_AGGRESSIVE;
				CLANG_CXX_LANGUAGE_STANDARD = "gnu++14";
				CLANG_CXX_LIBRARY = "libc++";
				CLANG_ENABLE_MODULES = YES;
				CLANG_ENABLE_OBJC_ARC = YES;
				CLANG_ENABLE_OBJC_WEAK = YES;
				CLANG_WARN_BLOCK_CAPTURE_AUTORELEASING = YES;
				CLANG_WARN_BOOL_CONVERSION = YES;
				CLANG_WARN_COMMA = YES;
				CLANG_WARN_CONSTANT_CONVERSION = YES;
				CLANG_WARN_DEPRECATED_OBJC_IMPLEMENTATIONS = YES;
				CLANG_WARN_DIRECT_OBJC_ISA_USAGE = YES_ERROR;
				CLANG_WARN_DOCUMENTATION_COMMENTS = YES;
				CLANG_WARN_EMPTY_BODY = YES;
				CLANG_WARN_ENUM_CONVERSION = YES;
				CLANG_WARN_INFINITE_RECURSION = YES;
				CLANG_WARN_INT_CONVERSION = YES;
				CLANG_WARN_NON_LITERAL_NULL_CONVERSION = YES;
				CLANG_WARN_OBJC_IMPLICIT_RETAIN_SELF = YES;
				CLANG_WARN_OBJC_LITERAL_CONVERSION = YES;
				CLANG_WARN_OBJC_ROOT_CLASS = YES_ERROR;
				CLANG_WARN_QUOTED_INCLUDE_IN_FRAMEWORK_HEADER = YES;
				CLANG_WARN_RANGE_LOOP_ANALYSIS = YES;
				CLANG_WARN_STRICT_PROTOTYPES = YES;
				CLANG_WARN_SUSPICIOUS_MOVE = YES;
				CLANG_WARN_UNGUARDED_AVAILABILITY = YES_AGGRESSIVE;
				CLANG_WARN_UNREACHABLE_CODE = YES;
				CLANG_WARN__DUPLICATE_METHOD_MATCH = YES;
				COPY_PHASE_STRIP = NO;
				DEBUG_INFORMATION_FORMAT = "dwarf-with-dsym";
				ENABLE_NS_ASSERTIONS = NO;
				ENABLE_STRICT_OBJC_MSGSEND = YES;
				GCC_C_LANGUAGE_STANDARD = gnu11;
				GCC_NO_COMMON_BLOCKS = YES;
				GCC_WARN_64_TO_32_BIT_CONVERSION = YES;
				GCC_WARN_ABOUT_RETURN_TYPE = YES_ERROR;
				GCC_WARN_UNDECLARED_SELECTOR = YES;
				GCC_WARN_UNINITIALIZED_AUTOS = YES_AGGRESSIVE;
				GCC_WARN_UNUSED_FUNCTION = YES;
				GCC_WARN_UNUSED_VARIABLE = YES;
				IPHONEOS_DEPLOYMENT_TARGET = 17.0;
				MTL_ENABLE_DEBUG_INFO = NO;
				MTL_FAST_MATH = YES;
				PRODUCT_NAME = "$(TARGET_NAME)";
				SDKROOT = iphoneos;
				SWIFT_COMPILATION_MODE = wholemodule;
				SWIFT_OPTIMIZATION_LEVEL = "-O";
				SWIFT_VERSION = 5.0;
			};
			name = Release;
		};
		AB7A9B14469AE82DC43C95E8 /* Release */ = {
			isa = XCBuildConfiguration;
			buildSettings = {
				ASSETCATALOG_COMPILER_APPICON_NAME = AppIcon;
				CODE_SIGN_IDENTITY = "iPhone Developer";
				CODE_SIGN_STYLE = Automatic;
				DEVELOPMENT_TEAM = "";
				ENABLE_USER_SCRIPT_SANDBOXING = NO;
				INFOPLIST_FILE = VocabApp/Info.plist;
				IPHONEOS_DEPLOYMENT_TARGET = 27.0;
				LD_RUNPATH_SEARCH_PATHS = (
					"$(inherited)",
					"@executable_path/Frameworks",
				);
				PRODUCT_BUNDLE_IDENTIFIER = com.zorro.vocab;
				SDKROOT = iphoneos;
				SWIFT_VERSION = 5.9;
				TARGETED_DEVICE_FAMILY = "1,2";
			};
			name = Release;
		};
		C98B45F1FFD50961B84E67C6 /* Debug */ = {
			isa = XCBuildConfiguration;
			buildSettings = {
				ASSETCATALOG_COMPILER_APPICON_NAME = AppIcon;
				CODE_SIGN_IDENTITY = "iPhone Developer";
				CODE_SIGN_STYLE = Automatic;
				DEVELOPMENT_TEAM = "";
				ENABLE_USER_SCRIPT_SANDBOXING = NO;
				INFOPLIST_FILE = VocabApp/Info.plist;
				IPHONEOS_DEPLOYMENT_TARGET = 27.0;
				LD_RUNPATH_SEARCH_PATHS = (
					"$(inherited)",
					"@executable_path/Frameworks",
				);
				PRODUCT_BUNDLE_IDENTIFIER = com.zorro.vocab;
				SDKROOT = iphoneos;
				SWIFT_VERSION = 5.9;
				TARGETED_DEVICE_FAMILY = "1,2";
			};
			name = Debug;
		};
		D18B8B62A485516E9D2D8792 /* Debug */ = {
			isa = XCBuildConfiguration;
			buildSettings = {
				ALWAYS_SEARCH_USER_PATHS = NO;
				CLANG_ANALYZER_NONNULL = YES;
				CLANG_ANALYZER_NUMBER_OBJECT_CONVERSION = YES_AGGRESSIVE;
				CLANG_CXX_LANGUAGE_STANDARD = "gnu++14";
				CLANG_CXX_LIBRARY = "libc++";
				CLANG_ENABLE_MODULES = YES;
				CLANG_ENABLE_OBJC_ARC = YES;
				CLANG_ENABLE_OBJC_WEAK = YES;
				CLANG_WARN_BLOCK_CAPTURE_AUTORELEASING = YES;
				CLANG_WARN_BOOL_CONVERSION = YES;
				CLANG_WARN_COMMA = YES;
				CLANG_WARN_CONSTANT_CONVERSION = YES;
				CLANG_WARN_DEPRECATED_OBJC_IMPLEMENTATIONS = YES;
				CLANG_WARN_DIRECT_OBJC_ISA_USAGE = YES_ERROR;
				CLANG_WARN_DOCUMENTATION_COMMENTS = YES;
				CLANG_WARN_EMPTY_BODY = YES;
				CLANG_WARN_ENUM_CONVERSION = YES;
				CLANG_WARN_INFINITE_RECURSION = YES;
				CLANG_WARN_INT_CONVERSION = YES;
				CLANG_WARN_NON_LITERAL_NULL_CONVERSION = YES;
				CLANG_WARN_OBJC_IMPLICIT_RETAIN_SELF = YES;
				CLANG_WARN_OBJC_LITERAL_CONVERSION = YES;
				CLANG_WARN_OBJC_ROOT_CLASS = YES_ERROR;
				CLANG_WARN_QUOTED_INCLUDE_IN_FRAMEWORK_HEADER = YES;
				CLANG_WARN_RANGE_LOOP_ANALYSIS = YES;
				CLANG_WARN_STRICT_PROTOTYPES = YES;
				CLANG_WARN_SUSPICIOUS_MOVE = YES;
				CLANG_WARN_UNGUARDED_AVAILABILITY = YES_AGGRESSIVE;
				CLANG_WARN_UNREACHABLE_CODE = YES;
				CLANG_WARN__DUPLICATE_METHOD_MATCH = YES;
				COPY_PHASE_STRIP = NO;
				DEBUG_INFORMATION_FORMAT = dwarf;
				ENABLE_STRICT_OBJC_MSGSEND = YES;
				ENABLE_TESTABILITY = YES;
				GCC_C_LANGUAGE_STANDARD = gnu11;
				GCC_DYNAMIC_NO_PIC = NO;
				GCC_NO_COMMON_BLOCKS = YES;
				GCC_OPTIMIZATION_LEVEL = 0;
				GCC_PREPROCESSOR_DEFINITIONS = (
					"$(inherited)",
					"DEBUG=1",
				);
				GCC_WARN_64_TO_32_BIT_CONVERSION = YES;
				GCC_WARN_ABOUT_RETURN_TYPE = YES_ERROR;
				GCC_WARN_UNDECLARED_SELECTOR = YES;
				GCC_WARN_UNINITIALIZED_AUTOS = YES_AGGRESSIVE;
				GCC_WARN_UNUSED_FUNCTION = YES;
				GCC_WARN_UNUSED_VARIABLE = YES;
				IPHONEOS_DEPLOYMENT_TARGET = 17.0;
				MTL_ENABLE_DEBUG_INFO = INCLUDE_SOURCE;
				MTL_FAST_MATH = YES;
				ONLY_ACTIVE_ARCH = YES;
				PRODUCT_NAME = "$(TARGET_NAME)";
				SDKROOT = iphoneos;
				SWIFT_ACTIVE_COMPILATION_CONDITIONS = DEBUG;
				SWIFT_OPTIMIZATION_LEVEL = "-Onone";
				SWIFT_VERSION = 5.0;
			};
			name = Debug;
		};
/* End XCBuildConfiguration section */

/* Begin XCConfigurationList section */
		32D07C71FA1FDDE5A2C6458C /* Build configuration list for PBXProject "VocabApp" */ = {
			isa = XCConfigurationList;
			buildConfigurations = (
				D18B8B62A485516E9D2D8792 /* Debug */,
				19171F134D5C0BCDD200B7B4 /* Release */,
			);
			defaultConfigurationIsVisible = 0;
			defaultConfigurationName = Debug;
		};
		4A42D102D693F4CAFE20EAFA /* Build configuration list for PBXNativeTarget "VocabApp" */ = {
			isa = XCConfigurationList;
			buildConfigurations = (
				C98B45F1FFD50961B84E67C6 /* Debug */,
				AB7A9B14469AE82DC43C95E8 /* Release */,
			);
			defaultConfigurationIsVisible = 0;
			defaultConfigurationName = Debug;
		};
/* End XCConfigurationList section */
	};
	rootObject = 79291EB669248C7B2B092AF9 /* Project object */;
}
